
Microsoft Visual Studio Solution File, Format Version 12.00
# Visual Studio Version 17
VisualStudioVersion = 17.14.36119.2 d17.14
MinimumVisualStudioVersion = 10.0.40219.1
Project("{FAE04EC0-301F-11D3-BF4B-00C04F79EFBC}") = "SchoolManagementConsole", "SchoolManagementConsole.csproj", "{BA5248E0-C55D-4D9F-A88B-33B1150EEE28}"
EndProject
Global
	GlobalSection(SolutionConfigurationPlatforms) = preSolution
		Debug|Any CPU = Debug|Any CPU
		Release|Any CPU = Release|Any CPU
	EndGlobalSection
	GlobalSection(ProjectConfigurationPlatforms) = postSolution
		{BA5248E0-C55D-4D9F-A88B-33B1150EEE28}.Debug|Any CPU.ActiveCfg = Debug|Any CPU
		{BA5248E0-C55D-4D9F-A88B-33B1150EEE28}.Debug|Any CPU.Build.0 = Debug|Any CPU
		{BA5248E0-C55D-4D9F-A88B-33B1150EEE28}.Release|Any CPU.ActiveCfg = Release|Any CPU
		{BA5248E0-C55D-4D9F-A88B-33B1150EEE28}.Release|Any CPU.Build.0 = Release|Any CPU
	EndGlobalSection
	GlobalSection(SolutionProperties) = preSolution
		HideSolutionNode = FALSE
	EndGlobalSection
	GlobalSection(ExtensibilityGlobals) = postSolution
		SolutionGuid = {2000691E-38E2-45AA-8994-D57C8C75976E}
	EndGlobalSection
EndGlobal
